{
  "requires": true,
  "lockfileVersion": 1,
  "dependencies": {
    "mtools": {
      "version": "0.0.2",
      "resolved": "https://registry.npmjs.org/mtools/-/mtools-0.0.2.tgz",
      "integrity": "sha512-ROH35Ttqblu0QdUAcRJR+SC2DftWB+F+r+9Lx7wgNmYb8GZSIrCwwGSOZCoTsPjb0ORY8sC+vkSw4fkaAFfmsg=="
    }
  }
}
